
Microsoft Visual Studio Solution File, Format Version 12.00
# Visual Studio Version 17
VisualStudioVersion = 17.12.35323.107
MinimumVisualStudioVersion = 10.0.40219.1
Project("{FAE04EC0-301F-11D3-BF4B-00C04F79EFBC}") = "TestProject", "TestProject\TestProject.csproj", "{5D175357-8D79-48E8-945D-DDC307805CD6}"
EndProject
Project("{FAE04EC0-301F-11D3-BF4B-00C04F79EFBC}") = "TestProject.Android", "TestProject.Android\TestProject.Android.csproj", "{14A1B3F6-1927-4F31-8252-13BD0B11D617}"
EndProject
Project("{FAE04EC0-301F-11D3-BF4B-00C04F79EFBC}") = "TestProject.Desktop", "TestProject.Desktop\TestProject.Desktop.csproj", "{176B9E9A-213A-4189-AE3C-E120CE8AB65A}"
EndProject
Project("{FAE04EC0-301F-11D3-BF4B-00C04F79EFBC}") = "APIForDB", "APIForDB\APIForDB.csproj", "{CC5D9EF8-B43D-46BD-AC07-2F1AC7E34520}"
EndProject
Global
	GlobalSection(SolutionConfigurationPlatforms) = preSolution
		Debug|Any CPU = Debug|Any CPU
		Release|Any CPU = Release|Any CPU
	EndGlobalSection
	GlobalSection(ProjectConfigurationPlatforms) = postSolution
		{5D175357-8D79-48E8-945D-DDC307805CD6}.Debug|Any CPU.ActiveCfg = Debug|Any CPU
		{5D175357-8D79-48E8-945D-DDC307805CD6}.Debug|Any CPU.Build.0 = Debug|Any CPU
		{5D175357-8D79-48E8-945D-DDC307805CD6}.Release|Any CPU.ActiveCfg = Release|Any CPU
		{5D175357-8D79-48E8-945D-DDC307805CD6}.Release|Any CPU.Build.0 = Release|Any CPU
		{14A1B3F6-1927-4F31-8252-13BD0B11D617}.Debug|Any CPU.ActiveCfg = Debug|Any CPU
		{14A1B3F6-1927-4F31-8252-13BD0B11D617}.Debug|Any CPU.Build.0 = Debug|Any CPU
		{14A1B3F6-1927-4F31-8252-13BD0B11D617}.Debug|Any CPU.Deploy.0 = Debug|Any CPU
		{14A1B3F6-1927-4F31-8252-13BD0B11D617}.Release|Any CPU.ActiveCfg = Release|Any CPU
		{14A1B3F6-1927-4F31-8252-13BD0B11D617}.Release|Any CPU.Build.0 = Release|Any CPU
		{14A1B3F6-1927-4F31-8252-13BD0B11D617}.Release|Any CPU.Deploy.0 = Release|Any CPU
		{176B9E9A-213A-4189-AE3C-E120CE8AB65A}.Debug|Any CPU.ActiveCfg = Debug|Any CPU
		{176B9E9A-213A-4189-AE3C-E120CE8AB65A}.Debug|Any CPU.Build.0 = Debug|Any CPU
		{176B9E9A-213A-4189-AE3C-E120CE8AB65A}.Release|Any CPU.ActiveCfg = Release|Any CPU
		{176B9E9A-213A-4189-AE3C-E120CE8AB65A}.Release|Any CPU.Build.0 = Release|Any CPU
		{CC5D9EF8-B43D-46BD-AC07-2F1AC7E34520}.Debug|Any CPU.ActiveCfg = Debug|Any CPU
		{CC5D9EF8-B43D-46BD-AC07-2F1AC7E34520}.Debug|Any CPU.Build.0 = Debug|Any CPU
		{CC5D9EF8-B43D-46BD-AC07-2F1AC7E34520}.Release|Any CPU.ActiveCfg = Release|Any CPU
		{CC5D9EF8-B43D-46BD-AC07-2F1AC7E34520}.Release|Any CPU.Build.0 = Release|Any CPU
	EndGlobalSection
	GlobalSection(SolutionProperties) = preSolution
		HideSolutionNode = FALSE
	EndGlobalSection
	GlobalSection(ExtensibilityGlobals) = postSolution
		SolutionGuid = {D5B482E3-9709-45A1-8854-C2EB6BE88F12}
	EndGlobalSection
EndGlobal
